
Microsoft Visual Studio Solution File, Format Version 12.00
# Visual Studio Version 16
VisualStudioVersion = 16.0.30114.105
MinimumVisualStudioVersion = 10.0.40219.1
Project("{FAE04EC0-301F-11D3-BF4B-00C04F79EFBC}") = "SpeakerLibrary", "SpeakerLibrary\SpeakerLibrary.csproj", "{D067ABDE-2251-4312-BAEF-BE1F2A7F94AF}"
EndProject
Project("{FAE04EC0-301F-11D3-BF4B-00C04F79EFBC}") = "SpeakerApi", "SpeakerApi\SpeakerApi.csproj", "{49F52FFE-5CBC-4E29-BA68-316E16F5886A}"
EndProject
Project("{FAE04EC0-301F-11D3-BF4B-00C04F79EFBC}") = "BlazorClient", "BlazorClient\BlazorClient.csproj", "{52D5C510-6617-40FE-8B33-1F2B4F8A7CA9}"
EndProject
Global
	GlobalSection(SolutionConfigurationPlatforms) = preSolution
		Debug|Any CPU = Debug|Any CPU
		Debug|x64 = Debug|x64
		Debug|x86 = Debug|x86
		Release|Any CPU = Release|Any CPU
		Release|x64 = Release|x64
		Release|x86 = Release|x86
	EndGlobalSection
	GlobalSection(SolutionProperties) = preSolution
		HideSolutionNode = FALSE
	EndGlobalSection
	GlobalSection(ProjectConfigurationPlatforms) = postSolution
		{D067ABDE-2251-4312-BAEF-BE1F2A7F94AF}.Debug|Any CPU.ActiveCfg = Debug|Any CPU
		{D067ABDE-2251-4312-BAEF-BE1F2A7F94AF}.Debug|Any CPU.Build.0 = Debug|Any CPU
		{D067ABDE-2251-4312-BAEF-BE1F2A7F94AF}.Debug|x64.ActiveCfg = Debug|Any CPU
		{D067ABDE-2251-4312-BAEF-BE1F2A7F94AF}.Debug|x64.Build.0 = Debug|Any CPU
		{D067ABDE-2251-4312-BAEF-BE1F2A7F94AF}.Debug|x86.ActiveCfg = Debug|Any CPU
		{D067ABDE-2251-4312-BAEF-BE1F2A7F94AF}.Debug|x86.Build.0 = Debug|Any CPU
		{D067ABDE-2251-4312-BAEF-BE1F2A7F94AF}.Release|Any CPU.ActiveCfg = Release|Any CPU
		{D067ABDE-2251-4312-BAEF-BE1F2A7F94AF}.Release|Any CPU.Build.0 = Release|Any CPU
		{D067ABDE-2251-4312-BAEF-BE1F2A7F94AF}.Release|x64.ActiveCfg = Release|Any CPU
		{D067ABDE-2251-4312-BAEF-BE1F2A7F94AF}.Release|x64.Build.0 = Release|Any CPU
		{D067ABDE-2251-4312-BAEF-BE1F2A7F94AF}.Release|x86.ActiveCfg = Release|Any CPU
		{D067ABDE-2251-4312-BAEF-BE1F2A7F94AF}.Release|x86.Build.0 = Release|Any CPU
		{49F52FFE-5CBC-4E29-BA68-316E16F5886A}.Debug|Any CPU.ActiveCfg = Debug|Any CPU
		{49F52FFE-5CBC-4E29-BA68-316E16F5886A}.Debug|Any CPU.Build.0 = Debug|Any CPU
		{49F52FFE-5CBC-4E29-BA68-316E16F5886A}.Debug|x64.ActiveCfg = Debug|Any CPU
		{49F52FFE-5CBC-4E29-BA68-316E16F5886A}.Debug|x64.Build.0 = Debug|Any CPU
		{49F52FFE-5CBC-4E29-BA68-316E16F5886A}.Debug|x86.ActiveCfg = Debug|Any CPU
		{49F52FFE-5CBC-4E29-BA68-316E16F5886A}.Debug|x86.Build.0 = Debug|Any CPU
		{49F52FFE-5CBC-4E29-BA68-316E16F5886A}.Release|Any CPU.ActiveCfg = Release|Any CPU
		{49F52FFE-5CBC-4E29-BA68-316E16F5886A}.Release|Any CPU.Build.0 = Release|Any CPU
		{49F52FFE-5CBC-4E29-BA68-316E16F5886A}.Release|x64.ActiveCfg = Release|Any CPU
		{49F52FFE-5CBC-4E29-BA68-316E16F5886A}.Release|x64.Build.0 = Release|Any CPU
		{49F52FFE-5CBC-4E29-BA68-316E16F5886A}.Release|x86.ActiveCfg = Release|Any CPU
		{49F52FFE-5CBC-4E29-BA68-316E16F5886A}.Release|x86.Build.0 = Release|Any CPU
		{52D5C510-6617-40FE-8B33-1F2B4F8A7CA9}.Debug|Any CPU.ActiveCfg = Debug|Any CPU
		{52D5C510-6617-40FE-8B33-1F2B4F8A7CA9}.Debug|Any CPU.Build.0 = Debug|Any CPU
		{52D5C510-6617-40FE-8B33-1F2B4F8A7CA9}.Debug|x64.ActiveCfg = Debug|Any CPU
		{52D5C510-6617-40FE-8B33-1F2B4F8A7CA9}.Debug|x64.Build.0 = Debug|Any CPU
		{52D5C510-6617-40FE-8B33-1F2B4F8A7CA9}.Debug|x86.ActiveCfg = Debug|Any CPU
		{52D5C510-6617-40FE-8B33-1F2B4F8A7CA9}.Debug|x86.Build.0 = Debug|Any CPU
		{52D5C510-6617-40FE-8B33-1F2B4F8A7CA9}.Release|Any CPU.ActiveCfg = Release|Any CPU
		{52D5C510-6617-40FE-8B33-1F2B4F8A7CA9}.Release|Any CPU.Build.0 = Release|Any CPU
		{52D5C510-6617-40FE-8B33-1F2B4F8A7CA9}.Release|x64.ActiveCfg = Release|Any CPU
		{52D5C510-6617-40FE-8B33-1F2B4F8A7CA9}.Release|x64.Build.0 = Release|Any CPU
		{52D5C510-6617-40FE-8B33-1F2B4F8A7CA9}.Release|x86.ActiveCfg = Release|Any CPU
		{52D5C510-6617-40FE-8B33-1F2B4F8A7CA9}.Release|x86.Build.0 = Release|Any CPU
	EndGlobalSection
EndGlobal
